
Microsoft Visual Studio Solution File, Format Version 12.00
# Visual Studio Version 16
VisualStudioVersion = 16.0.29009.5
MinimumVisualStudioVersion = 10.0.40219.1
Project("{FAE04EC0-301F-11D3-BF4B-00C04F79EFBC}") = "Autonumeracion", "Autonumeracion\Autonumeracion.csproj", "{F37DC2B4-8CEA-46FA-825A-EF7A0F945908}"
EndProject
Project("{54435603-DBB4-11D2-8724-00A0C9A8B90C}") = "InstaladorAutonumerador", "InstaladorAutonumerador\InstaladorAutonumerador.vdproj", "{D01BC474-8CFB-4C86-BFD7-4617F032541C}"
EndProject
Global
	GlobalSection(SolutionConfigurationPlatforms) = preSolution
		Debug|Any CPU = Debug|Any CPU
		Release|Any CPU = Release|Any CPU
	EndGlobalSection
	GlobalSection(ProjectConfigurationPlatforms) = postSolution
		{F37DC2B4-8CEA-46FA-825A-EF7A0F945908}.Debug|Any CPU.ActiveCfg = Debug|Any CPU
		{F37DC2B4-8CEA-46FA-825A-EF7A0F945908}.Debug|Any CPU.Build.0 = Debug|Any CPU
		{F37DC2B4-8CEA-46FA-825A-EF7A0F945908}.Release|Any CPU.ActiveCfg = Release|Any CPU
		{F37DC2B4-8CEA-46FA-825A-EF7A0F945908}.Release|Any CPU.Build.0 = Release|Any CPU
		{D01BC474-8CFB-4C86-BFD7-4617F032541C}.Debug|Any CPU.ActiveCfg = Debug
		{D01BC474-8CFB-4C86-BFD7-4617F032541C}.Release|Any CPU.ActiveCfg = Release
	EndGlobalSection
	GlobalSection(SolutionProperties) = preSolution
		HideSolutionNode = FALSE
	EndGlobalSection
	GlobalSection(ExtensibilityGlobals) = postSolution
		SolutionGuid = {27792A21-8EF7-4365-9258-1862B0C88342}
	EndGlobalSection
EndGlobal
